PODS:
  - ActionButton (0.1.4)
  - NCMB (2.3.6)

DEPENDENCIES:
  - ActionButton
  - NCMB (from `https://github.com/NIFTYCloud-mbaas/ncmb_ios.git`)

EXTERNAL SOURCES:
  NCMB:
    :git: https://github.com/NIFTYCloud-mbaas/ncmb_ios.git

CHECKOUT OPTIONS:
  NCMB:
    :commit: ce727f5ccd200b1cf6a627773566edc1ce8cbe70
    :git: https://github.com/NIFTYCloud-mbaas/ncmb_ios.git

SPEC CHECKSUMS:
  ActionButton: 1b94024013cf57e960d09aa56792f29e1bb545e0
  NCMB: 1b4924db41a522b7971313b4d22fbc0475aefba8

PODFILE CHECKSUM: 1977b07d1d40456025f3b0847eefb2d35777bd7b

COCOAPODS: 1.2.1
