// !$*UTF8*$!
{
	archiveVersion = 1;
	classes = {
	};
	objectVersion = 46;
	objects = {

/* Begin PBXBuildFile section */
		39075E341D162EDC00CEBD44 /* Books.swift in Sources */ = {isa = PBXBuildFile; fileRef = 39075E331D162EDC00CEBD44 /* Books.swift */; };
		39550F211D1773A7000BA688 /* AddAutherViewController.swift in Sources */ = {isa = PBXBuildFile; fileRef = 39550F201D1773A7000BA688 /* AddAutherViewController.swift */; };
		39550F231D1778E6000BA688 /* AutherListViewController.swift in Sources */ = {isa = PBXBuildFile; fileRef = 39550F221D1778E6000BA688 /* AutherListViewController.swift */; };
		3990BCF31D0CD51900F6EBBA /* AppDelegate.swift in Sources */ = {isa = PBXBuildFile; fileRef = 3990BCF21D0CD51900F6EBBA /* AppDelegate.swift */; };
		3990BCF51D0CD51900F6EBBA /* ViewController.swift in Sources */ = {isa = PBXBuildFile; fileRef = 3990BCF41D0CD51900F6EBBA /* ViewController.swift */; };
		3990BCF81D0CD51900F6EBBA /* Main.storyboard in Resources */ = {isa = PBXBuildFile; fileRef = 3990BCF61D0CD51900F6EBBA /* Main.storyboard */; };
		3990BCFA1D0CD51900F6EBBA /* Assets.xcassets in Resources */ = {isa = PBXBuildFile; fileRef = 3990BCF91D0CD51900F6EBBA /* Assets.xcassets */; };
		3990BCFD1D0CD51900F6EBBA /* LaunchScreen.storyboard in Resources */ = {isa = PBXBuildFile; fileRef = 3990BCFB1D0CD51900F6EBBA /* LaunchScreen.storyboard */; };
		3990BD081D0CD51900F6EBBA /* NiftyCloud_SamplerTests.swift in Sources */ = {isa = PBXBuildFile; fileRef = 3990BD071D0CD51900F6EBBA /* NiftyCloud_SamplerTests.swift */; };
		3990BD131D0CD51900F6EBBA /* NiftyCloud_SamplerUITests.swift in Sources */ = {isa = PBXBuildFile; fileRef = 3990BD121D0CD51900F6EBBA /* NiftyCloud_SamplerUITests.swift */; };
		3990BD211D0CEC5300F6EBBA /* GlobalVariable.swift in Sources */ = {isa = PBXBuildFile; fileRef = 3990BD201D0CEC5300F6EBBA /* GlobalVariable.swift */; };
		39B267BB1D16901C00AB274B /* Authers.swift in Sources */ = {isa = PBXBuildFile; fileRef = 39B267BA1D16901C00AB274B /* Authers.swift */; };
		39F4B9F51D164A1E003E2D04 /* BookCell.swift in Sources */ = {isa = PBXBuildFile; fileRef = 39F4B9F31D164A1E003E2D04 /* BookCell.swift */; };
		39F4B9F61D164A1E003E2D04 /* BookCell.xib in Resources */ = {isa = PBXBuildFile; fileRef = 39F4B9F41D164A1E003E2D04 /* BookCell.xib */; };
		39F4B9F81D164B37003E2D04 /* AddViewController.swift in Sources */ = {isa = PBXBuildFile; fileRef = 39F4B9F71D164B37003E2D04 /* AddViewController.swift */; };
		3F387CF958003164D718ED11 /* Pods_NiftyCloud_SamplerTests.framework in Frameworks */ = {isa = PBXBuildFile; fileRef = A7246F03D9AA57FBB87DCAE5 /* Pods_NiftyCloud_SamplerTests.framework */; };
		6148A4120C557989BEF49E8B /* Pods_NiftyCloud_Sampler.framework in Frameworks */ = {isa = PBXBuildFile; fileRef = 3C7E0DF477BD3306016BF613 /* Pods_NiftyCloud_Sampler.framework */; };
		A5A601CEEA8192EF4067A867 /* Pods_NiftyCloud_SamplerUITests.framework in Frameworks */ = {isa = PBXBuildFile; fileRef = 90074B559DC1E432132A98F0 /* Pods_NiftyCloud_SamplerUITests.framework */; };
/* End PBXBuildFile section */

/* Begin PBXContainerItemProxy section */
		3990BD041D0CD51900F6EBBA /* PBXContainerItemProxy */ = {
			isa = PBXContainerItemProxy;
			containerPortal = 3990BCE71D0CD51900F6EBBA /* Project object */;
			proxyType = 1;
			remoteGlobalIDString = 3990BCEE1D0CD51900F6EBBA;
			remoteInfo = "NiftyCloud-Sampler";
		};
		3990BD0F1D0CD51900F6EBBA /* PBXContainerItemProxy */ = {
			isa = PBXContainerItemProxy;
			containerPortal = 3990BCE71D0CD51900F6EBBA /* Project object */;
			proxyType = 1;
			remoteGlobalIDString = 3990BCEE1D0CD51900F6EBBA;
			remoteInfo = "NiftyCloud-Sampler";
		};
/* End PBXContainerItemProxy section */

/* Begin PBXFileReference section */
		1417E81DC3DA8217C8D1D2F5 /* Pods-NiftyCloud-SamplerTests.debug.xcconfig */ = {isa = PBXFileReference; includeInIndex = 1; lastKnownFileType = text.xcconfig; name = "Pods-NiftyCloud-SamplerTests.debug.xcconfig"; path = "Pods/Target Support Files/Pods-NiftyCloud-SamplerTests/Pods-NiftyCloud-SamplerTests.debug.xcconfig"; sourceTree = "<group>"; };
		1CEDB2C78858578985D5359A /* Pods-NiftyCloud-Sampler.debug.xcconfig */ = {isa = PBXFileReference; includeInIndex = 1; lastKnownFileType = text.xcconfig; name = "Pods-NiftyCloud-Sampler.debug.xcconfig"; path = "Pods/Target Support Files/Pods-NiftyCloud-Sampler/Pods-NiftyCloud-Sampler.debug.xcconfig"; sourceTree = "<group>"; };
		39075E331D162EDC00CEBD44 /* Books.swift */ = {isa = PBXFileReference; fileEncoding = 4; lastKnownFileType = sourcecode.swift; path = Books.swift; sourceTree = "<group>"; };
		39550F201D1773A7000BA688 /* AddAutherViewController.swift */ = {isa = PBXFileReference; fileEncoding = 4; lastKnownFileType = sourcecode.swift; path = AddAutherViewController.swift; sourceTree = "<group>"; };
		39550F221D1778E6000BA688 /* AutherListViewController.swift */ = {isa = PBXFileReference; fileEncoding = 4; lastKnownFileType = sourcecode.swift; path = AutherListViewController.swift; sourceTree = "<group>"; };
		3990BCEF1D0CD51900F6EBBA /* NiftyCloud-Sampler.app */ = {isa = PBXFileReference; explicitFileType = wrapper.application; includeInIndex = 0; path = "NiftyCloud-Sampler.app"; sourceTree = BUILT_PRODUCTS_DIR; };
		3990BCF21D0CD51900F6EBBA /* AppDelegate.swift */ = {isa = PBXFileReference; lastKnownFileType = sourcecode.swift; path = AppDelegate.swift; sourceTree = "<group>"; };
		3990BCF41D0CD51900F6EBBA /* ViewController.swift */ = {isa = PBXFileReference; lastKnownFileType = sourcecode.swift; path = ViewController.swift; sourceTree = "<group>"; };
		3990BCF71D0CD51900F6EBBA /* Base */ = {isa = PBXFileReference; lastKnownFileType = file.storyboard; name = Base; path = Base.lproj/Main.storyboard; sourceTree = "<group>"; };
		3990BCF91D0CD51900F6EBBA /* Assets.xcassets */ = {isa = PBXFileReference; lastKnownFileType = folder.assetcatalog; path = Assets.xcassets; sourceTree = "<group>"; };
		3990BCFC1D0CD51900F6EBBA /* Base */ = {isa = PBXFileReference; lastKnownFileType = file.storyboard; name = Base; path = Base.lproj/LaunchScreen.storyboard; sourceTree = "<group>"; };
		3990BCFE1D0CD51900F6EBBA /* Info.plist */ = {isa = PBXFileReference; lastKnownFileType = text.plist.xml; path = Info.plist; sourceTree = "<group>"; };
		3990BD031D0CD51900F6EBBA /* NiftyCloud-SamplerTests.xctest */ = {isa = PBXFileReference; explicitFileType = wrapper.cfbundle; includeInIndex = 0; path = "NiftyCloud-SamplerTests.xctest"; sourceTree = BUILT_PRODUCTS_DIR; };
		3990BD071D0CD51900F6EBBA /* NiftyCloud_SamplerTests.swift */ = {isa = PBXFileReference; lastKnownFileType = sourcecode.swift; path = NiftyCloud_SamplerTests.swift; sourceTree = "<group>"; };
		3990BD091D0CD51900F6EBBA /* Info.plist */ = {isa = PBXFileReference; lastKnownFileType = text.plist.xml; path = Info.plist; sourceTree = "<group>"; };
		3990BD0E1D0CD51900F6EBBA /* NiftyCloud-SamplerUITests.xctest */ = {isa = PBXFileReference; explicitFileType = wrapper.cfbundle; includeInIndex = 0; path = "NiftyCloud-SamplerUITests.xctest"; sourceTree = BUILT_PRODUCTS_DIR; };
		3990BD121D0CD51900F6EBBA /* NiftyCloud_SamplerUITests.swift */ = {isa = PBXFileReference; lastKnownFileType = sourcecode.swift; path = NiftyCloud_SamplerUITests.swift; sourceTree = "<group>"; };
		3990BD141D0CD51900F6EBBA /* Info.plist */ = {isa = PBXFileReference; lastKnownFileType = text.plist.xml; path = Info.plist; sourceTree = "<group>"; };
		3990BD201D0CEC5300F6EBBA /* GlobalVariable.swift */ = {isa = PBXFileReference; fileEncoding = 4; lastKnownFileType = sourcecode.swift; path = GlobalVariable.swift; sourceTree = "<group>"; };
		39B267BA1D16901C00AB274B /* Authers.swift */ = {isa = PBXFileReference; fileEncoding = 4; lastKnownFileType = sourcecode.swift; path = Authers.swift; sourceTree = "<group>"; };
		39F4B9F31D164A1E003E2D04 /* BookCell.swift */ = {isa = PBXFileReference; fileEncoding = 4; lastKnownFileType = sourcecode.swift; path = BookCell.swift; sourceTree = "<group>"; };
		39F4B9F41D164A1E003E2D04 /* BookCell.xib */ = {isa = PBXFileReference; fileEncoding = 4; lastKnownFileType = file.xib; path = BookCell.xib; sourceTree = "<group>"; };
		39F4B9F71D164B37003E2D04 /* AddViewController.swift */ = {isa = PBXFileReference; fileEncoding = 4; lastKnownFileType = sourcecode.swift; path = AddViewController.swift; sourceTree = "<group>"; };
		3C7E0DF477BD3306016BF613 /* Pods_NiftyCloud_Sampler.framework */ = {isa = PBXFileReference; explicitFileType = wrapper.framework; includeInIndex = 0; path = Pods_NiftyCloud_Sampler.framework; sourceTree = BUILT_PRODUCTS_DIR; };
		90074B559DC1E432132A98F0 /* Pods_NiftyCloud_SamplerUITests.framework */ = {isa = PBXFileReference; explicitFileType = wrapper.framework; includeInIndex = 0; path = Pods_NiftyCloud_SamplerUITests.framework; sourceTree = BUILT_PRODUCTS_DIR; };
		A7246F03D9AA57FBB87DCAE5 /* Pods_NiftyCloud_SamplerTests.framework */ = {isa = PBXFileReference; explicitFileType = wrapper.framework; includeInIndex = 0; path = Pods_NiftyCloud_SamplerTests.framework; sourceTree = BUILT_PRODUCTS_DIR; };
		B7AB6ED9B5F95C7A173F05E9 /* Pods-NiftyCloud-SamplerUITests.release.xcconfig */ = {isa = PBXFileReference; includeInIndex = 1; lastKnownFileType = text.xcconfig; name = "Pods-NiftyCloud-SamplerUITests.release.xcconfig"; path = "Pods/Target Support Files/Pods-NiftyCloud-SamplerUITests/Pods-NiftyCloud-SamplerUITests.release.xcconfig"; sourceTree = "<group>"; };
		DBA1FB9F390614875E157731 /* Pods-NiftyCloud-Sampler.release.xcconfig */ = {isa = PBXFileReference; includeInIndex = 1; lastKnownFileType = text.xcconfig; name = "Pods-NiftyCloud-Sampler.release.xcconfig"; path = "Pods/Target Support Files/Pods-NiftyCloud-Sampler/Pods-NiftyCloud-Sampler.release.xcconfig"; sourceTree = "<group>"; };
		EAEB12B020712CE075A0AD8D /* Pods-NiftyCloud-SamplerTests.release.xcconfig */ = {isa = PBXFileReference; includeInIndex = 1; lastKnownFileType = text.xcconfig; name = "Pods-NiftyCloud-SamplerTests.release.xcconfig"; path = "Pods/Target Support Files/Pods-NiftyCloud-SamplerTests/Pods-NiftyCloud-SamplerTests.release.xcconfig"; sourceTree = "<group>"; };
		F0C419B0147C5252FC79ED63 /* Pods-NiftyCloud-SamplerUITests.debug.xcconfig */ = {isa = PBXFileReference; includeInIndex = 1; lastKnownFileType = text.xcconfig; name = "Pods-NiftyCloud-SamplerUITests.debug.xcconfig"; path = "Pods/Target Support Files/Pods-NiftyCloud-SamplerUITests/Pods-NiftyCloud-SamplerUITests.debug.xcconfig"; sourceTree = "<group>"; };
/* End PBXFileReference section */

/* Begin PBXFrameworksBuildPhase section */
		3990BCEC1D0CD51900F6EBBA /* Frameworks */ = {
			isa = PBXFrameworksBuildPhase;
			buildActionMask = 2147483647;
			files = (
				6148A4120C557989BEF49E8B /* Pods_NiftyCloud_Sampler.framework in Frameworks */,
			);
			runOnlyForDeploymentPostprocessing = 0;
		};
		3990BD001D0CD51900F6EBBA /* Frameworks */ = {
			isa = PBXFrameworksBuildPhase;
			buildActionMask = 2147483647;
			files = (
				3F387CF958003164D718ED11 /* Pods_NiftyCloud_SamplerTests.framework in Frameworks */,
			);
			runOnlyForDeploymentPostprocessing = 0;
		};
		3990BD0B1D0CD51900F6EBBA /* Frameworks */ = {
			isa = PBXFrameworksBuildPhase;
			buildActionMask = 2147483647;
			files = (
				A5A601CEEA8192EF4067A867 /* Pods_NiftyCloud_SamplerUITests.framework in Frameworks */,
			);
			runOnlyForDeploymentPostprocessing = 0;
		};
/* End PBXFrameworksBuildPhase section */

/* Begin PBXGroup section */
		3990BCE61D0CD51900F6EBBA = {
			isa = PBXGroup;
			children = (
				3990BCF11D0CD51900F6EBBA /* NiftyCloud-Sampler */,
				3990BD061D0CD51900F6EBBA /* NiftyCloud-SamplerTests */,
				3990BD111D0CD51900F6EBBA /* NiftyCloud-SamplerUITests */,
				3990BCF01D0CD51900F6EBBA /* Products */,
				A1E19FFEAB395F26A16A1CC1 /* Pods */,
				8D798141380CC7DFA6A0176C /* Frameworks */,
			);
			sourceTree = "<group>";
		};
		3990BCF01D0CD51900F6EBBA /* Products */ = {
			isa = PBXGroup;
			children = (
				3990BCEF1D0CD51900F6EBBA /* NiftyCloud-Sampler.app */,
				3990BD031D0CD51900F6EBBA /* NiftyCloud-SamplerTests.xctest */,
				3990BD0E1D0CD51900F6EBBA /* NiftyCloud-SamplerUITests.xctest */,
			);
			name = Products;
			sourceTree = "<group>";
		};
		3990BCF11D0CD51900F6EBBA /* NiftyCloud-Sampler */ = {
			isa = PBXGroup;
			children = (
				3990BCF21D0CD51900F6EBBA /* AppDelegate.swift */,
				39F4B9FA1D16505A003E2D04 /* Controller */,
				3990BCF61D0CD51900F6EBBA /* Main.storyboard */,
				3990BCF91D0CD51900F6EBBA /* Assets.xcassets */,
				3990BCFB1D0CD51900F6EBBA /* LaunchScreen.storyboard */,
				3990BCFE1D0CD51900F6EBBA /* Info.plist */,
				3990BD201D0CEC5300F6EBBA /* GlobalVariable.swift */,
				39B267BC1D16915800AB274B /* Models */,
				39F4B9F91D16504D003E2D04 /* BookCell */,
			);
			path = "NiftyCloud-Sampler";
			sourceTree = "<group>";
		};
		3990BD061D0CD51900F6EBBA /* NiftyCloud-SamplerTests */ = {
			isa = PBXGroup;
			children = (
				3990BD071D0CD51900F6EBBA /* NiftyCloud_SamplerTests.swift */,
				3990BD091D0CD51900F6EBBA /* Info.plist */,
			);
			path = "NiftyCloud-SamplerTests";
			sourceTree = "<group>";
		};
		3990BD111D0CD51900F6EBBA /* NiftyCloud-SamplerUITests */ = {
			isa = PBXGroup;
			children = (
				3990BD121D0CD51900F6EBBA /* NiftyCloud_SamplerUITests.swift */,
				3990BD141D0CD51900F6EBBA /* Info.plist */,
			);
			path = "NiftyCloud-SamplerUITests";
			sourceTree = "<group>";
		};
		39B267BC1D16915800AB274B /* Models */ = {
			isa = PBXGroup;
			children = (
				39075E331D162EDC00CEBD44 /* Books.swift */,
				39B267BA1D16901C00AB274B /* Authers.swift */,
			);
			name = Models;
			sourceTree = "<group>";
		};
		39F4B9F91D16504D003E2D04 /* BookCell */ = {
			isa = PBXGroup;
			children = (
				39F4B9F31D164A1E003E2D04 /* BookCell.swift */,
				39F4B9F41D164A1E003E2D04 /* BookCell.xib */,
			);
			name = BookCell;
			sourceTree = "<group>";
		};
		39F4B9FA1D16505A003E2D04 /* Controller */ = {
			isa = PBXGroup;
			children = (
				3990BCF41D0CD51900F6EBBA /* ViewController.swift */,
				39F4B9F71D164B37003E2D04 /* AddViewController.swift */,
				39550F201D1773A7000BA688 /* AddAutherViewController.swift */,
				39550F221D1778E6000BA688 /* AutherListViewController.swift */,
			);
			name = Controller;
			sourceTree = "<group>";
		};
		8D798141380CC7DFA6A0176C /* Frameworks */ = {
			isa = PBXGroup;
			children = (
				3C7E0DF477BD3306016BF613 /* Pods_NiftyCloud_Sampler.framework */,
				A7246F03D9AA57FBB87DCAE5 /* Pods_NiftyCloud_SamplerTests.framework */,
				90074B559DC1E432132A98F0 /* Pods_NiftyCloud_SamplerUITests.framework */,
			);
			name = Frameworks;
			sourceTree = "<group>";
		};
		A1E19FFEAB395F26A16A1CC1 /* Pods */ = {
			isa = PBXGroup;
			children = (
				1CEDB2C78858578985D5359A /* Pods-NiftyCloud-Sampler.debug.xcconfig */,
				DBA1FB9F390614875E157731 /* Pods-NiftyCloud-Sampler.release.xcconfig */,
				1417E81DC3DA8217C8D1D2F5 /* Pods-NiftyCloud-SamplerTests.debug.xcconfig */,
				EAEB12B020712CE075A0AD8D /* Pods-NiftyCloud-SamplerTests.release.xcconfig */,
				F0C419B0147C5252FC79ED63 /* Pods-NiftyCloud-SamplerUITests.debug.xcconfig */,
				B7AB6ED9B5F95C7A173F05E9 /* Pods-NiftyCloud-SamplerUITests.release.xcconfig */,
			);
			name = Pods;
			sourceTree = "<group>";
		};
/* End PBXGroup section */

/* Begin PBXNativeTarget section */
		3990BCEE1D0CD51900F6EBBA /* NiftyCloud-Sampler */ = {
			isa = PBXNativeTarget;
			buildConfigurationList = 3990BD171D0CD51900F6EBBA /* Build configuration list for PBXNativeTarget "NiftyCloud-Sampler" */;
			buildPhases = (
				DA892960B2B56172777A4A11 /* 📦 Check Pods Manifest.lock */,
				3990BCEB1D0CD51900F6EBBA /* Sources */,
				3990BCEC1D0CD51900F6EBBA /* Frameworks */,
				3990BCED1D0CD51900F6EBBA /* Resources */,
				31F5861CB82CC65B4B46181F /* 📦 Embed Pods Frameworks */,
				43A03132CE5F0C94956B76F6 /* 📦 Copy Pods Resources */,
			);
			buildRules = (
			);
			dependencies = (
			);
			name = "NiftyCloud-Sampler";
			productName = "NiftyCloud-Sampler";
			productReference = 3990BCEF1D0CD51900F6EBBA /* NiftyCloud-Sampler.app */;
			productType = "com.apple.product-type.application";
		};
		3990BD021D0CD51900F6EBBA /* NiftyCloud-SamplerTests */ = {
			isa = PBXNativeTarget;
			buildConfigurationList = 3990BD1A1D0CD51900F6EBBA /* Build configuration list for PBXNativeTarget "NiftyCloud-SamplerTests" */;
			buildPhases = (
				9C50EADFD0DDC86BF8B21268 /* 📦 Check Pods Manifest.lock */,
				3990BCFF1D0CD51900F6EBBA /* Sources */,
				3990BD001D0CD51900F6EBBA /* Frameworks */,
				3990BD011D0CD51900F6EBBA /* Resources */,
				13C859767BD68E56FC9D2538 /* 📦 Embed Pods Frameworks */,
				A9A1C03B3AD8B4A4C6025334 /* 📦 Copy Pods Resources */,
			);
			buildRules = (
			);
			dependencies = (
				3990BD051D0CD51900F6EBBA /* PBXTargetDependency */,
			);
			name = "NiftyCloud-SamplerTests";
			productName = "NiftyCloud-SamplerTests";
			productReference = 3990BD031D0CD51900F6EBBA /* NiftyCloud-SamplerTests.xctest */;
			productType = "com.apple.product-type.bundle.unit-test";
		};
		3990BD0D1D0CD51900F6EBBA /* NiftyCloud-SamplerUITests */ = {
			isa = PBXNativeTarget;
			buildConfigurationList = 3990BD1D1D0CD51900F6EBBA /* Build configuration list for PBXNativeTarget "NiftyCloud-SamplerUITests" */;
			buildPhases = (
				54E35ACC243B4E2AF3488475 /* 📦 Check Pods Manifest.lock */,
				3990BD0A1D0CD51900F6EBBA /* Sources */,
				3990BD0B1D0CD51900F6EBBA /* Frameworks */,
				3990BD0C1D0CD51900F6EBBA /* Resources */,
				350EC7EB5850845690804E46 /* 📦 Copy Pods Resources */,
			);
			buildRules = (
			);
			dependencies = (
				3990BD101D0CD51900F6EBBA /* PBXTargetDependency */,
			);
			name = "NiftyCloud-SamplerUITests";
			productName = "NiftyCloud-SamplerUITests";
			productReference = 3990BD0E1D0CD51900F6EBBA /* NiftyCloud-SamplerUITests.xctest */;
			productType = "com.apple.product-type.bundle.ui-testing";
		};
/* End PBXNativeTarget section */

/* Begin PBXProject section */
		3990BCE71D0CD51900F6EBBA /* Project object */ = {
			isa = PBXProject;
			attributes = {
				LastSwiftUpdateCheck = 0730;
				LastUpgradeCheck = 0730;
				ORGANIZATIONNAME = ShinokiRyosei;
				TargetAttributes = {
					3990BCEE1D0CD51900F6EBBA = {
						CreatedOnToolsVersion = 7.3.1;
					};
					3990BD021D0CD51900F6EBBA = {
						CreatedOnToolsVersion = 7.3.1;
						TestTargetID = 3990BCEE1D0CD51900F6EBBA;
					};
					3990BD0D1D0CD51900F6EBBA = {
						CreatedOnToolsVersion = 7.3.1;
						TestTargetID = 3990BCEE1D0CD51900F6EBBA;
					};
				};
			};
			buildConfigurationList = 3990BCEA1D0CD51900F6EBBA /* Build configuration list for PBXProject "NiftyCloud-Sampler" */;
			compatibilityVersion = "Xcode 3.2";
			developmentRegion = English;
			hasScannedForEncodings = 0;
			knownRegions = (
				en,
				Base,
			);
			mainGroup = 3990BCE61D0CD51900F6EBBA;
			productRefGroup = 3990BCF01D0CD51900F6EBBA /* Products */;
			projectDirPath = "";
			projectRoot = "";
			targets = (
				3990BCEE1D0CD51900F6EBBA /* NiftyCloud-Sampler */,
				3990BD021D0CD51900F6EBBA /* NiftyCloud-SamplerTests */,
				3990BD0D1D0CD51900F6EBBA /* NiftyCloud-SamplerUITests */,
			);
		};
/* End PBXProject section */

/* Begin PBXResourcesBuildPhase section */
		3990BCED1D0CD51900F6EBBA /* Resources */ = {
			isa = PBXResourcesBuildPhase;
			buildActionMask = 2147483647;
			files = (
				39F4B9F61D164A1E003E2D04 /* BookCell.xib in Resources */,
				3990BCFD1D0CD51900F6EBBA /* LaunchScreen.storyboard in Resources */,
				3990BCFA1D0CD51900F6EBBA /* Assets.xcassets in Resources */,
				3990BCF81D0CD51900F6EBBA /* Main.storyboard in Resources */,
			);
			runOnlyForDeploymentPostprocessing = 0;
		};
		3990BD011D0CD51900F6EBBA /* Resources */ = {
			isa = PBXResourcesBuildPhase;
			buildActionMask = 2147483647;
			files = (
			);
			runOnlyForDeploymentPostprocessing = 0;
		};
		3990BD0C1D0CD51900F6EBBA /* Resources */ = {
			isa = PBXResourcesBuildPhase;
			buildActionMask = 2147483647;
			files = (
			);
			runOnlyForDeploymentPostprocessing = 0;
		};
/* End PBXResourcesBuildPhase section */

/* Begin PBXShellScriptBuildPhase section */
		13C859767BD68E56FC9D2538 /* 📦 Embed Pods Frameworks */ = {
			isa = PBXShellScriptBuildPhase;
			buildActionMask = 2147483647;
			files = (
			);
			inputPaths = (
			);
			name = "📦 Embed Pods Frameworks";
			outputPaths = (
			);
			runOnlyForDeploymentPostprocessing = 0;
			shellPath = /bin/sh;
			shellScript = "\"${SRCROOT}/Pods/Target Support Files/Pods-NiftyCloud-SamplerTests/Pods-NiftyCloud-SamplerTests-frameworks.sh\"\n";
			showEnvVarsInLog = 0;
		};
		31F5861CB82CC65B4B46181F /* 📦 Embed Pods Frameworks */ = {
			isa = PBXShellScriptBuildPhase;
			buildActionMask = 2147483647;
			files = (
			);
			inputPaths = (
			);
			name = "📦 Embed Pods Frameworks";
			outputPaths = (
			);
			runOnlyForDeploymentPostprocessing = 0;
			shellPath = /bin/sh;
			shellScript = "\"${SRCROOT}/Pods/Target Support Files/Pods-NiftyCloud-Sampler/Pods-NiftyCloud-Sampler-frameworks.sh\"\n";
			showEnvVarsInLog = 0;
		};
		350EC7EB5850845690804E46 /* 📦 Copy Pods Resources */ = {
			isa = PBXShellScriptBuildPhase;
			buildActionMask = 2147483647;
			files = (
			);
			inputPaths = (
			);
			name = "📦 Copy Pods Resources";
			outputPaths = (
			);
			runOnlyForDeploymentPostprocessing = 0;
			shellPath = /bin/sh;
			shellScript = "\"${SRCROOT}/Pods/Target Support Files/Pods-NiftyCloud-SamplerUITests/Pods-NiftyCloud-SamplerUITests-resources.sh\"\n";
			showEnvVarsInLog = 0;
		};
		43A03132CE5F0C94956B76F6 /* 📦 Copy Pods Resources */ = {
			isa = PBXShellScriptBuildPhase;
			buildActionMask = 2147483647;
			files = (
			);
			inputPaths = (
			);
			name = "📦 Copy Pods Resources";
			outputPaths = (
			);
			runOnlyForDeploymentPostprocessing = 0;
			shellPath = /bin/sh;
			shellScript = "\"${SRCROOT}/Pods/Target Support Files/Pods-NiftyCloud-Sampler/Pods-NiftyCloud-Sampler-resources.sh\"\n";
			showEnvVarsInLog = 0;
		};
		54E35ACC243B4E2AF3488475 /* 📦 Check Pods Manifest.lock */ = {
			isa = PBXShellScriptBuildPhase;
			buildActionMask = 2147483647;
			files = (
			);
			inputPaths = (
			);
			name = "📦 Check Pods Manifest.lock";
			outputPaths = (
			);
			runOnlyForDeploymentPostprocessing = 0;
			shellPath = /bin/sh;
			shellScript = "diff \"${PODS_ROOT}/../Podfile.lock\" \"${PODS_ROOT}/Manifest.lock\" > /dev/null\nif [[ $? != 0 ]] ; then\n    cat << EOM\nerror: The sandbox is not in sync with the Podfile.lock. Run 'pod install' or update your CocoaPods installation.\nEOM\n    exit 1\nfi\n";
			showEnvVarsInLog = 0;
		};
		9C50EADFD0DDC86BF8B21268 /* 📦 Check Pods Manifest.lock */ = {
			isa = PBXShellScriptBuildPhase;
			buildActionMask = 2147483647;
			files = (
			);
			inputPaths = (
			);
			name = "📦 Check Pods Manifest.lock";
			outputPaths = (
			);
			runOnlyForDeploymentPostprocessing = 0;
			shellPath = /bin/sh;
			shellScript = "diff \"${PODS_ROOT}/../Podfile.lock\" \"${PODS_ROOT}/Manifest.lock\" > /dev/null\nif [[ $? != 0 ]] ; then\n    cat << EOM\nerror: The sandbox is not in sync with the Podfile.lock. Run 'pod install' or update your CocoaPods installation.\nEOM\n    exit 1\nfi\n";
			showEnvVarsInLog = 0;
		};
		A9A1C03B3AD8B4A4C6025334 /* 📦 Copy Pods Resources */ = {
			isa = PBXShellScriptBuildPhase;
			buildActionMask = 2147483647;
			files = (
			);
			inputPaths = (
			);
			name = "📦 Copy Pods Resources";
			outputPaths = (
			);
			runOnlyForDeploymentPostprocessing = 0;
			shellPath = /bin/sh;
			shellScript = "\"${SRCROOT}/Pods/Target Support Files/Pods-NiftyCloud-SamplerTests/Pods-NiftyCloud-SamplerTests-resources.sh\"\n";
			showEnvVarsInLog = 0;
		};
		DA892960B2B56172777A4A11 /* 📦 Check Pods Manifest.lock */ = {
			isa = PBXShellScriptBuildPhase;
			buildActionMask = 2147483647;
			files = (
			);
			inputPaths = (
			);
			name = "📦 Check Pods Manifest.lock";
			outputPaths = (
			);
			runOnlyForDeploymentPostprocessing = 0;
			shellPath = /bin/sh;
			shellScript = "diff \"${PODS_ROOT}/../Podfile.lock\" \"${PODS_ROOT}/Manifest.lock\" > /dev/null\nif [[ $? != 0 ]] ; then\n    cat << EOM\nerror: The sandbox is not in sync with the Podfile.lock. Run 'pod install' or update your CocoaPods installation.\nEOM\n    exit 1\nfi\n";
			showEnvVarsInLog = 0;
		};
/* End PBXShellScriptBuildPhase section */

/* Begin PBXSourcesBuildPhase section */
		3990BCEB1D0CD51900F6EBBA /* Sources */ = {
			isa = PBXSourcesBuildPhase;
			buildActionMask = 2147483647;
			files = (
				39550F231D1778E6000BA688 /* AutherListViewController.swift in Sources */,
				39B267BB1D16901C00AB274B /* Authers.swift in Sources */,
				39550F211D1773A7000BA688 /* AddAutherViewController.swift in Sources */,
				3990BCF51D0CD51900F6EBBA /* ViewController.swift in Sources */,
				3990BCF31D0CD51900F6EBBA /* AppDelegate.swift in Sources */,
				39F4B9F81D164B37003E2D04 /* AddViewController.swift in Sources */,
				3990BD211D0CEC5300F6EBBA /* GlobalVariable.swift in Sources */,
				39075E341D162EDC00CEBD44 /* Books.swift in Sources */,
				39F4B9F51D164A1E003E2D04 /* BookCell.swift in Sources */,
			);
			runOnlyForDeploymentPostprocessing = 0;
		};
		3990BCFF1D0CD51900F6EBBA /* Sources */ = {
			isa = PBXSourcesBuildPhase;
			buildActionMask = 2147483647;
			files = (
				3990BD081D0CD51900F6EBBA /* NiftyCloud_SamplerTests.swift in Sources */,
			);
			runOnlyForDeploymentPostprocessing = 0;
		};
		3990BD0A1D0CD51900F6EBBA /* Sources */ = {
			isa = PBXSourcesBuildPhase;
			buildActionMask = 2147483647;
			files = (
				3990BD131D0CD51900F6EBBA /* NiftyCloud_SamplerUITests.swift in Sources */,
			);
			runOnlyForDeploymentPostprocessing = 0;
		};
/* End PBXSourcesBuildPhase section */

/* Begin PBXTargetDependency section */
		3990BD051D0CD51900F6EBBA /* PBXTargetDependency */ = {
			isa = PBXTargetDependency;
			target = 3990BCEE1D0CD51900F6EBBA /* NiftyCloud-Sampler */;
			targetProxy = 3990BD041D0CD51900F6EBBA /* PBXContainerItemProxy */;
		};
		3990BD101D0CD51900F6EBBA /* PBXTargetDependency */ = {
			isa = PBXTargetDependency;
			target = 3990BCEE1D0CD51900F6EBBA /* NiftyCloud-Sampler */;
			targetProxy = 3990BD0F1D0CD51900F6EBBA /* PBXContainerItemProxy */;
		};
/* End PBXTargetDependency section */

/* Begin PBXVariantGroup section */
		3990BCF61D0CD51900F6EBBA /* Main.storyboard */ = {
			isa = PBXVariantGroup;
			children = (
				3990BCF71D0CD51900F6EBBA /* Base */,
			);
			name = Main.storyboard;
			sourceTree = "<group>";
		};
		3990BCFB1D0CD51900F6EBBA /* LaunchScreen.storyboard */ = {
			isa = PBXVariantGroup;
			children = (
				3990BCFC1D0CD51900F6EBBA /* Base */,
			);
			name = LaunchScreen.storyboard;
			sourceTree = "<group>";
		};
/* End PBXVariantGroup section */

/* Begin XCBuildConfiguration section */
		3990BD151D0CD51900F6EBBA /* Debug */ = {
			isa = XCBuildConfiguration;
			buildSettings = {
				ALWAYS_SEARCH_USER_PATHS = NO;
				CLANG_ANALYZER_NONNULL = YES;
				CLANG_CXX_LANGUAGE_STANDARD = "gnu++0x";
				CLANG_CXX_LIBRARY = "libc++";
				CLANG_ENABLE_MODULES = YES;
				CLANG_ENABLE_OBJC_ARC = YES;
				CLANG_WARN_BOOL_CONVERSION = YES;
				CLANG_WARN_CONSTANT_CONVERSION = YES;
				CLANG_WARN_DIRECT_OBJC_ISA_USAGE = YES_ERROR;
				CLANG_WARN_EMPTY_BODY = YES;
				CLANG_WARN_ENUM_CONVERSION = YES;
				CLANG_WARN_INT_CONVERSION = YES;
				CLANG_WARN_OBJC_ROOT_CLASS = YES_ERROR;
				CLANG_WARN_UNREACHABLE_CODE = YES;
				CLANG_WARN__DUPLICATE_METHOD_MATCH = YES;
				"CODE_SIGN_IDENTITY[sdk=iphoneos*]" = "iPhone Developer";
				COPY_PHASE_STRIP = NO;
				DEBUG_INFORMATION_FORMAT = dwarf;
				ENABLE_STRICT_OBJC_MSGSEND = YES;
				ENABLE_TESTABILITY = YES;
				GCC_C_LANGUAGE_STANDARD = gnu99;
				GCC_DYNAMIC_NO_PIC = NO;
				GCC_NO_COMMON_BLOCKS = YES;
				GCC_OPTIMIZATION_LEVEL = 0;
				GCC_PREPROCESSOR_DEFINITIONS = (
					"DEBUG=1",
					"$(inherited)",
				);
				GCC_WARN_64_TO_32_BIT_CONVERSION = YES;
				GCC_WARN_ABOUT_RETURN_TYPE = YES_ERROR;
				GCC_WARN_UNDECLARED_SELECTOR = YES;
				GCC_WARN_UNINITIALIZED_AUTOS = YES_AGGRESSIVE;
				GCC_WARN_UNUSED_FUNCTION = YES;
				GCC_WARN_UNUSED_VARIABLE = YES;
				IPHONEOS_DEPLOYMENT_TARGET = 9.3;
				MTL_ENABLE_DEBUG_INFO = YES;
				ONLY_ACTIVE_ARCH = YES;
				SDKROOT = iphoneos;
				SWIFT_OPTIMIZATION_LEVEL = "-Onone";
			};
			name = Debug;
		};
		3990BD161D0CD51900F6EBBA /* Release */ = {
			isa = XCBuildConfiguration;
			buildSettings = {
				ALWAYS_SEARCH_USER_PATHS = NO;
				CLANG_ANALYZER_NONNULL = YES;
				CLANG_CXX_LANGUAGE_STANDARD = "gnu++0x";
				CLANG_CXX_LIBRARY = "libc++";
				CLANG_ENABLE_MODULES = YES;
				CLANG_ENABLE_OBJC_ARC = YES;
				CLANG_WARN_BOOL_CONVERSION = YES;
				CLANG_WARN_CONSTANT_CONVERSION = YES;
				CLANG_WARN_DIRECT_OBJC_ISA_USAGE = YES_ERROR;
				CLANG_WARN_EMPTY_BODY = YES;
				CLANG_WARN_ENUM_CONVERSION = YES;
				CLANG_WARN_INT_CONVERSION = YES;
				CLANG_WARN_OBJC_ROOT_CLASS = YES_ERROR;
				CLANG_WARN_UNREACHABLE_CODE = YES;
				CLANG_WARN__DUPLICATE_METHOD_MATCH = YES;
				"CODE_SIGN_IDENTITY[sdk=iphoneos*]" = "iPhone Developer";
				COPY_PHASE_STRIP = NO;
				DEBUG_INFORMATION_FORMAT = "dwarf-with-dsym";
				ENABLE_NS_ASSERTIONS = NO;
				ENABLE_STRICT_OBJC_MSGSEND = YES;
				GCC_C_LANGUAGE_STANDARD = gnu99;
				GCC_NO_COMMON_BLOCKS = YES;
				GCC_WARN_64_TO_32_BIT_CONVERSION = YES;
				GCC_WARN_ABOUT_RETURN_TYPE = YES_ERROR;
				GCC_WARN_UNDECLARED_SELECTOR = YES;
				GCC_WARN_UNINITIALIZED_AUTOS = YES_AGGRESSIVE;
				GCC_WARN_UNUSED_FUNCTION = YES;
				GCC_WARN_UNUSED_VARIABLE = YES;
				IPHONEOS_DEPLOYMENT_TARGET = 9.3;
				MTL_ENABLE_DEBUG_INFO = NO;
				SDKROOT = iphoneos;
				VALIDATE_PRODUCT = YES;
			};
			name = Release;
		};
		3990BD181D0CD51900F6EBBA /* Debug */ = {
			isa = XCBuildConfiguration;
			baseConfigurationReference = 1CEDB2C78858578985D5359A /* Pods-NiftyCloud-Sampler.debug.xcconfig */;
			buildSettings = {
				ASSETCATALOG_COMPILER_APPICON_NAME = AppIcon;
				INFOPLIST_FILE = "NiftyCloud-Sampler/Info.plist";
				LD_RUNPATH_SEARCH_PATHS = "$(inherited) @executable_path/Frameworks";
				PRODUCT_BUNDLE_IDENTIFIER = "tv.shinoki.NiftyCloud-Sampler";
				PRODUCT_NAME = "$(TARGET_NAME)";
			};
			name = Debug;
		};
		3990BD191D0CD51900F6EBBA /* Release */ = {
			isa = XCBuildConfiguration;
			baseConfigurationReference = DBA1FB9F390614875E157731 /* Pods-NiftyCloud-Sampler.release.xcconfig */;
			buildSettings = {
				ASSETCATALOG_COMPILER_APPICON_NAME = AppIcon;
				INFOPLIST_FILE = "NiftyCloud-Sampler/Info.plist";
				LD_RUNPATH_SEARCH_PATHS = "$(inherited) @executable_path/Frameworks";
				PRODUCT_BUNDLE_IDENTIFIER = "tv.shinoki.NiftyCloud-Sampler";
				PRODUCT_NAME = "$(TARGET_NAME)";
			};
			name = Release;
		};
		3990BD1B1D0CD51900F6EBBA /* Debug */ = {
			isa = XCBuildConfiguration;
			baseConfigurationReference = 1417E81DC3DA8217C8D1D2F5 /* Pods-NiftyCloud-SamplerTests.debug.xcconfig */;
			buildSettings = {
				BUNDLE_LOADER = "$(TEST_HOST)";
				INFOPLIST_FILE = "NiftyCloud-SamplerTests/Info.plist";
				LD_RUNPATH_SEARCH_PATHS = "$(inherited) @executable_path/Frameworks @loader_path/Frameworks";
				PRODUCT_BUNDLE_IDENTIFIER = "tv.shinoki.NiftyCloud-SamplerTests";
				PRODUCT_NAME = "$(TARGET_NAME)";
				TEST_HOST = "$(BUILT_PRODUCTS_DIR)/NiftyCloud-Sampler.app/NiftyCloud-Sampler";
			};
			name = Debug;
		};
		3990BD1C1D0CD51900F6EBBA /* Release */ = {
			isa = XCBuildConfiguration;
			baseConfigurationReference = EAEB12B020712CE075A0AD8D /* Pods-NiftyCloud-SamplerTests.release.xcconfig */;
			buildSettings = {
				BUNDLE_LOADER = "$(TEST_HOST)";
				INFOPLIST_FILE = "NiftyCloud-SamplerTests/Info.plist";
				LD_RUNPATH_SEARCH_PATHS = "$(inherited) @executable_path/Frameworks @loader_path/Frameworks";
				PRODUCT_BUNDLE_IDENTIFIER = "tv.shinoki.NiftyCloud-SamplerTests";
				PRODUCT_NAME = "$(TARGET_NAME)";
				TEST_HOST = "$(BUILT_PRODUCTS_DIR)/NiftyCloud-Sampler.app/NiftyCloud-Sampler";
			};
			name = Release;
		};
		3990BD1E1D0CD51900F6EBBA /* Debug */ = {
			isa = XCBuildConfiguration;
			baseConfigurationReference = F0C419B0147C5252FC79ED63 /* Pods-NiftyCloud-SamplerUITests.debug.xcconfig */;
			buildSettings = {
				INFOPLIST_FILE = "NiftyCloud-SamplerUITests/Info.plist";
				LD_RUNPATH_SEARCH_PATHS = "$(inherited) @executable_path/Frameworks @loader_path/Frameworks";
				PRODUCT_BUNDLE_IDENTIFIER = "tv.shinoki.NiftyCloud-SamplerUITests";
				PRODUCT_NAME = "$(TARGET_NAME)";
				TEST_TARGET_NAME = "NiftyCloud-Sampler";
			};
			name = Debug;
		};
		3990BD1F1D0CD51900F6EBBA /* Release */ = {
			isa = XCBuildConfiguration;
			baseConfigurationReference = B7AB6ED9B5F95C7A173F05E9 /* Pods-NiftyCloud-SamplerUITests.release.xcconfig */;
			buildSettings = {
				INFOPLIST_FILE = "NiftyCloud-SamplerUITests/Info.plist";
				LD_RUNPATH_SEARCH_PATHS = "$(inherited) @executable_path/Frameworks @loader_path/Frameworks";
				PRODUCT_BUNDLE_IDENTIFIER = "tv.shinoki.NiftyCloud-SamplerUITests";
				PRODUCT_NAME = "$(TARGET_NAME)";
				TEST_TARGET_NAME = "NiftyCloud-Sampler";
			};
			name = Release;
		};
/* End XCBuildConfiguration section */

/* Begin XCConfigurationList section */
		3990BCEA1D0CD51900F6EBBA /* Build configuration list for PBXProject "NiftyCloud-Sampler" */ = {
			isa = XCConfigurationList;
			buildConfigurations = (
				3990BD151D0CD51900F6EBBA /* Debug */,
				3990BD161D0CD51900F6EBBA /* Release */,
			);
			defaultConfigurationIsVisible = 0;
			defaultConfigurationName = Release;
		};
		3990BD171D0CD51900F6EBBA /* Build configuration list for PBXNativeTarget "NiftyCloud-Sampler" */ = {
			isa = XCConfigurationList;
			buildConfigurations = (
				3990BD181D0CD51900F6EBBA /* Debug */,
				3990BD191D0CD51900F6EBBA /* Release */,
			);
			defaultConfigurationIsVisible = 0;
			defaultConfigurationName = Release;
		};
		3990BD1A1D0CD51900F6EBBA /* Build configuration list for PBXNativeTarget "NiftyCloud-SamplerTests" */ = {
			isa = XCConfigurationList;
			buildConfigurations = (
				3990BD1B1D0CD51900F6EBBA /* Debug */,
				3990BD1C1D0CD51900F6EBBA /* Release */,
			);
			defaultConfigurationIsVisible = 0;
			defaultConfigurationName = Release;
		};
		3990BD1D1D0CD51900F6EBBA /* Build configuration list for PBXNativeTarget "NiftyCloud-SamplerUITests" */ = {
			isa = XCConfigurationList;
			buildConfigurations = (
				3990BD1E1D0CD51900F6EBBA /* Debug */,
				3990BD1F1D0CD51900F6EBBA /* Release */,
			);
			defaultConfigurationIsVisible = 0;
			defaultConfigurationName = Release;
		};
/* End XCConfigurationList section */
	};
	rootObject = 3990BCE71D0CD51900F6EBBA /* Project object */;
}
